
Microsoft Visual Studio Solution File, Format Version 12.00
# Visual Studio Version 17
VisualStudioVersion = 17.6.33815.320
MinimumVisualStudioVersion = 10.0.40219.1
Project("{FAE04EC0-301F-11D3-BF4B-00C04F79EFBC}") = "ConsoleApp1", "ConsoleApp1\ConsoleApp1.csproj", "{F3B4BABA-B486-48EF-828D-2E404645932A}"
EndProject
Global
	GlobalSection(SolutionConfigurationPlatforms) = preSolution
		Debug|Any CPU = Debug|Any CPU
		Release|Any CPU = Release|Any CPU
	EndGlobalSection
	GlobalSection(ProjectConfigurationPlatforms) = postSolution
		{F3B4BABA-B486-48EF-828D-2E404645932A}.Debug|Any CPU.ActiveCfg = Debug|Any CPU
		{F3B4BABA-B486-48EF-828D-2E404645932A}.Debug|Any CPU.Build.0 = Debug|Any CPU
		{F3B4BABA-B486-48EF-828D-2E404645932A}.Release|Any CPU.ActiveCfg = Release|Any CPU
		{F3B4BABA-B486-48EF-828D-2E404645932A}.Release|Any CPU.Build.0 = Release|Any CPU
	EndGlobalSection
	GlobalSection(SolutionProperties) = preSolution
		HideSolutionNode = FALSE
	EndGlobalSection
	GlobalSection(ExtensibilityGlobals) = postSolution
		SolutionGuid = {B9CBC776-5114-4AFE-9FFB-9AF9CE9AA7A3}
	EndGlobalSection
EndGlobal
